
Microsoft Visual Studio Solution File, Format Version 12.00
# Visual Studio Version 17
VisualStudioVersion = 17.5.002.0
MinimumVisualStudioVersion = 10.0.40219.1
Project("{9A19103F-16F7-4668-BE54-9A1E7A4F7556}") = "C#", "C#.csproj", "{38530CF2-5B31-42E7-94F6-5DD875025165}"
EndProject
Global
	GlobalSection(SolutionConfigurationPlatforms) = preSolution
		Debug|Any CPU = Debug|Any CPU
		Release|Any CPU = Release|Any CPU
	EndGlobalSection
	GlobalSection(ProjectConfigurationPlatforms) = postSolution
		{38530CF2-5B31-42E7-94F6-5DD875025165}.Debug|Any CPU.ActiveCfg = Debug|Any CPU
		{38530CF2-5B31-42E7-94F6-5DD875025165}.Debug|Any CPU.Build.0 = Debug|Any CPU
		{38530CF2-5B31-42E7-94F6-5DD875025165}.Release|Any CPU.ActiveCfg = Release|Any CPU
		{38530CF2-5B31-42E7-94F6-5DD875025165}.Release|Any CPU.Build.0 = Release|Any CPU
	EndGlobalSection
	GlobalSection(SolutionProperties) = preSolution
		HideSolutionNode = FALSE
	EndGlobalSection
	GlobalSection(ExtensibilityGlobals) = postSolution
		SolutionGuid = {D7C682CE-98D4-42CC-8F78-A8C71054B4F9}
	EndGlobalSection
EndGlobal
